// !$*UTF8*$!
{
	archiveVersion = 1;
	classes = {
	};
	objectVersion = 51;
	objects = {

/* Begin PBXBuildFile section */
		AA6B9AF2238AECD000785B98 /* AppDelegate.swift in Sources */ = {isa = PBXBuildFile; fileRef = AA6B9AF1238AECD000785B98 /* AppDelegate.swift */; };
		AA6B9AF4238AECD000785B98 /* SceneDelegate.swift in Sources */ = {isa = PBXBuildFile; fileRef = AA6B9AF3238AECD000785B98 /* SceneDelegate.swift */; };
		AA6B9AF9238AECD000785B98 /* Main.storyboard in Resources */ = {isa = PBXBuildFile; fileRef = AA6B9AF7238AECD000785B98 /* Main.storyboard */; };
		AA6B9AFB238AECD100785B98 /* Assets.xcassets in Resources */ = {isa = PBXBuildFile; fileRef = AA6B9AFA238AECD100785B98 /* Assets.xcassets */; };
		AA6B9AFE238AECD100785B98 /* LaunchScreen.storyboard in Resources */ = {isa = PBXBuildFile; fileRef = AA6B9AFC238AECD100785B98 /* LaunchScreen.storyboard */; };
		AA6B9B06238AEFB600785B98 /* UIImage Helpers.swift in Sources */ = {isa = PBXBuildFile; fileRef = AA6B9B05238AEFB600785B98 /* UIImage Helpers.swift */; };
		AA7E7315238C5AA700001BB2 /* ComposeViewController.swift in Sources */ = {isa = PBXBuildFile; fileRef = AA7E7314238C5AA700001BB2 /* ComposeViewController.swift */; };
		AA7E7317238C5BE100001BB2 /* RecognizerViewController.swift in Sources */ = {isa = PBXBuildFile; fileRef = AA7E7316238C5BE100001BB2 /* RecognizerViewController.swift */; };
		AA7E7319238C5C7200001BB2 /* CanvasViewController.swift in Sources */ = {isa = PBXBuildFile; fileRef = AA7E7318238C5C7200001BB2 /* CanvasViewController.swift */; };
		AAFB39E5238C59B800662657 /* LetterClassifier.mlmodel in Sources */ = {isa = PBXBuildFile; fileRef = AAFB39E4238C59B800662657 /* LetterClassifier.mlmodel */; };
		E1A9F7DA5D18937DA674A9AB /* Pods_LetterComposer.framework in Frameworks */ = {isa = PBXBuildFile; fileRef = EB74DE104E26B316A6A9DACC /* Pods_LetterComposer.framework */; };
/* End PBXBuildFile section */

/* Begin PBXFileReference section */
		7AD78287D8E85CEF0FA01433 /* Pods-LetterComposer.release.xcconfig */ = {isa = PBXFileReference; includeInIndex = 1; lastKnownFileType = text.xcconfig; name = "Pods-LetterComposer.release.xcconfig"; path = "Target Support Files/Pods-LetterComposer/Pods-LetterComposer.release.xcconfig"; sourceTree = "<group>"; };
		AA6B9AEE238AECD000785B98 /* LetterComposer.app */ = {isa = PBXFileReference; explicitFileType = wrapper.application; includeInIndex = 0; path = LetterComposer.app; sourceTree = BUILT_PRODUCTS_DIR; };
		AA6B9AF1238AECD000785B98 /* AppDelegate.swift */ = {isa = PBXFileReference; lastKnownFileType = sourcecode.swift; path = AppDelegate.swift; sourceTree = "<group>"; };
		AA6B9AF3238AECD000785B98 /* SceneDelegate.swift */ = {isa = PBXFileReference; lastKnownFileType = sourcecode.swift; path = SceneDelegate.swift; sourceTree = "<group>"; };
		AA6B9AF8238AECD000785B98 /* Base */ = {isa = PBXFileReference; lastKnownFileType = file.storyboard; name = Base; path = Base.lproj/Main.storyboard; sourceTree = "<group>"; };
		AA6B9AFA238AECD100785B98 /* Assets.xcassets */ = {isa = PBXFileReference; lastKnownFileType = folder.assetcatalog; path = Assets.xcassets; sourceTree = "<group>"; };
		AA6B9AFD238AECD100785B98 /* Base */ = {isa = PBXFileReference; lastKnownFileType = file.storyboard; name = Base; path = Base.lproj/LaunchScreen.storyboard; sourceTree = "<group>"; };
		AA6B9AFF238AECD100785B98 /* Info.plist */ = {isa = PBXFileReference; lastKnownFileType = text.plist.xml; path = Info.plist; sourceTree = "<group>"; };
		AA6B9B05238AEFB600785B98 /* UIImage Helpers.swift */ = {isa = PBXFileReference; lastKnownFileType = sourcecode.swift; path = "UIImage Helpers.swift"; sourceTree = "<group>"; };
		AA7E7314238C5AA700001BB2 /* ComposeViewController.swift */ = {isa = PBXFileReference; fileEncoding = 4; lastKnownFileType = sourcecode.swift; path = ComposeViewController.swift; sourceTree = "<group>"; };
		AA7E7316238C5BE100001BB2 /* RecognizerViewController.swift */ = {isa = PBXFileReference; lastKnownFileType = sourcecode.swift; path = RecognizerViewController.swift; sourceTree = "<group>"; };
		AA7E7318238C5C7200001BB2 /* CanvasViewController.swift */ = {isa = PBXFileReference; lastKnownFileType = sourcecode.swift; path = CanvasViewController.swift; sourceTree = "<group>"; };
		AAFB39E4238C59B800662657 /* LetterClassifier.mlmodel */ = {isa = PBXFileReference; lastKnownFileType = file.mlmodel; path = LetterClassifier.mlmodel; sourceTree = "<group>"; };
		C66F8FDA54D1C12D365CF7CC /* Pods-LetterComposer.debug.xcconfig */ = {isa = PBXFileReference; includeInIndex = 1; lastKnownFileType = text.xcconfig; name = "Pods-LetterComposer.debug.xcconfig"; path = "Target Support Files/Pods-LetterComposer/Pods-LetterComposer.debug.xcconfig"; sourceTree = "<group>"; };
		EB74DE104E26B316A6A9DACC /* Pods_LetterComposer.framework */ = {isa = PBXFileReference; explicitFileType = wrapper.framework; includeInIndex = 0; path = Pods_LetterComposer.framework; sourceTree = BUILT_PRODUCTS_DIR; };
/* End PBXFileReference section */

/* Begin PBXFrameworksBuildPhase section */
		AA6B9AEB238AECD000785B98 /* Frameworks */ = {
			isa = PBXFrameworksBuildPhase;
			buildActionMask = 2147483647;
			files = (
				E1A9F7DA5D18937DA674A9AB /* Pods_LetterComposer.framework in Frameworks */,
			);
			runOnlyForDeploymentPostprocessing = 0;
		};
/* End PBXFrameworksBuildPhase section */

/* Begin PBXGroup section */
		5CAEC801B2CBCA118971C6AA /* Pods */ = {
			isa = PBXGroup;
			children = (
				C66F8FDA54D1C12D365CF7CC /* Pods-LetterComposer.debug.xcconfig */,
				7AD78287D8E85CEF0FA01433 /* Pods-LetterComposer.release.xcconfig */,
			);
			path = Pods;
			sourceTree = "<group>";
		};
		AA6B9AE5238AECD000785B98 = {
			isa = PBXGroup;
			children = (
				AA6B9AF0238AECD000785B98 /* LetterComposer */,
				AA6B9AEF238AECD000785B98 /* Products */,
				5CAEC801B2CBCA118971C6AA /* Pods */,
				D01015CBF64E1E4BCE0348AB /* Frameworks */,
			);
			sourceTree = "<group>";
		};
		AA6B9AEF238AECD000785B98 /* Products */ = {
			isa = PBXGroup;
			children = (
				AA6B9AEE238AECD000785B98 /* LetterComposer.app */,
			);
			name = Products;
			sourceTree = "<group>";
		};
		AA6B9AF0238AECD000785B98 /* LetterComposer */ = {
			isa = PBXGroup;
			children = (
				AA6B9AF1238AECD000785B98 /* AppDelegate.swift */,
				AA6B9AFA238AECD100785B98 /* Assets.xcassets */,
				AA7E7318238C5C7200001BB2 /* CanvasViewController.swift */,
				AA7E7314238C5AA700001BB2 /* ComposeViewController.swift */,
				AA6B9AFF238AECD100785B98 /* Info.plist */,
				AA6B9AFC238AECD100785B98 /* LaunchScreen.storyboard */,
				AAFB39E4238C59B800662657 /* LetterClassifier.mlmodel */,
				AA6B9AF7238AECD000785B98 /* Main.storyboard */,
				AA7E7316238C5BE100001BB2 /* RecognizerViewController.swift */,
				AA6B9AF3238AECD000785B98 /* SceneDelegate.swift */,
				AA6B9B05238AEFB600785B98 /* UIImage Helpers.swift */,
			);
			path = LetterComposer;
			sourceTree = "<group>";
		};
		D01015CBF64E1E4BCE0348AB /* Frameworks */ = {
			isa = PBXGroup;
			children = (
				EB74DE104E26B316A6A9DACC /* Pods_LetterComposer.framework */,
			);
			name = Frameworks;
			sourceTree = "<group>";
		};
/* End PBXGroup section */

/* Begin PBXNativeTarget section */
		AA6B9AED238AECD000785B98 /* LetterComposer */ = {
			isa = PBXNativeTarget;
			buildConfigurationList = AA6B9B02238AECD100785B98 /* Build configuration list for PBXNativeTarget "LetterComposer" */;
			buildPhases = (
				CEF7F32011D1FCF5A3DE0A2D /* [CP] Check Pods Manifest.lock */,
				AA6B9AEA238AECD000785B98 /* Sources */,
				AA6B9AEB238AECD000785B98 /* Frameworks */,
				AA6B9AEC238AECD000785B98 /* Resources */,
				061D6157446C1670B70B0A10 /* [CP] Embed Pods Frameworks */,
			);
			buildRules = (
			);
			dependencies = (
			);
			name = LetterComposer;
			productName = LetterComposer;
			productReference = AA6B9AEE238AECD000785B98 /* LetterComposer.app */;
			productType = "com.apple.product-type.application";
		};
/* End PBXNativeTarget section */

/* Begin PBXProject section */
		AA6B9AE6238AECD000785B98 /* Project object */ = {
			isa = PBXProject;
			attributes = {
				LastSwiftUpdateCheck = 1120;
				LastUpgradeCheck = 1120;
				ORGANIZATIONNAME = "Ivan Vavilov";
				TargetAttributes = {
					AA6B9AED238AECD000785B98 = {
						CreatedOnToolsVersion = 11.2.1;
					};
				};
			};
			buildConfigurationList = AA6B9AE9238AECD000785B98 /* Build configuration list for PBXProject "LetterComposer" */;
			compatibilityVersion = "Xcode 9.3";
			developmentRegion = en;
			hasScannedForEncodings = 0;
			knownRegions = (
				en,
				Base,
			);
			mainGroup = AA6B9AE5238AECD000785B98;
			productRefGroup = AA6B9AEF238AECD000785B98 /* Products */;
			projectDirPath = "";
			projectRoot = "";
			targets = (
				AA6B9AED238AECD000785B98 /* LetterComposer */,
			);
		};
/* End PBXProject section */

/* Begin PBXResourcesBuildPhase section */
		AA6B9AEC238AECD000785B98 /* Resources */ = {
			isa = PBXResourcesBuildPhase;
			buildActionMask = 2147483647;
			files = (
				AA6B9AFE238AECD100785B98 /* LaunchScreen.storyboard in Resources */,
				AA6B9AFB238AECD100785B98 /* Assets.xcassets in Resources */,
				AA6B9AF9238AECD000785B98 /* Main.storyboard in Resources */,
			);
			runOnlyForDeploymentPostprocessing = 0;
		};
/* End PBXResourcesBuildPhase section */

/* Begin PBXShellScriptBuildPhase section */
		061D6157446C1670B70B0A10 /* [CP] Embed Pods Frameworks */ = {
			isa = PBXShellScriptBuildPhase;
			buildActionMask = 2147483647;
			files = (
			);
			inputFileListPaths = (
				"${PODS_ROOT}/Target Support Files/Pods-LetterComposer/Pods-LetterComposer-frameworks-${CONFIGURATION}-input-files.xcfilelist",
			);
			name = "[CP] Embed Pods Frameworks";
			outputFileListPaths = (
				"${PODS_ROOT}/Target Support Files/Pods-LetterComposer/Pods-LetterComposer-frameworks-${CONFIGURATION}-output-files.xcfilelist",
			);
			runOnlyForDeploymentPostprocessing = 0;
			shellPath = /bin/sh;
			shellScript = "\"${PODS_ROOT}/Target Support Files/Pods-LetterComposer/Pods-LetterComposer-frameworks.sh\"\n";
			showEnvVarsInLog = 0;
		};
		CEF7F32011D1FCF5A3DE0A2D /* [CP] Check Pods Manifest.lock */ = {
			isa = PBXShellScriptBuildPhase;
			buildActionMask = 2147483647;
			files = (
			);
			inputFileListPaths = (
			);
			inputPaths = (
				"${PODS_PODFILE_DIR_PATH}/Podfile.lock",
				"${PODS_ROOT}/Manifest.lock",
			);
			name = "[CP] Check Pods Manifest.lock";
			outputFileListPaths = (
			);
			outputPaths = (
				"$(DERIVED_FILE_DIR)/Pods-LetterComposer-checkManifestLockResult.txt",
			);
			runOnlyForDeploymentPostprocessing = 0;
			shellPath = /bin/sh;
			shellScript = "diff \"${PODS_PODFILE_DIR_PATH}/Podfile.lock\" \"${PODS_ROOT}/Manifest.lock\" > /dev/null\nif [ $? != 0 ] ; then\n    # print error to STDERR\n    echo \"error: The sandbox is not in sync with the Podfile.lock. Run 'pod install' or update your CocoaPods installation.\" >&2\n    exit 1\nfi\n# This output is used by Xcode 'outputs' to avoid re-running this script phase.\necho \"SUCCESS\" > \"${SCRIPT_OUTPUT_FILE_0}\"\n";
			showEnvVarsInLog = 0;
		};
/* End PBXShellScriptBuildPhase section */

/* Begin PBXSourcesBuildPhase section */
		AA6B9AEA238AECD000785B98 /* Sources */ = {
			isa = PBXSourcesBuildPhase;
			buildActionMask = 2147483647;
			files = (
				AA7E7315238C5AA700001BB2 /* ComposeViewController.swift in Sources */,
				AAFB39E5238C59B800662657 /* LetterClassifier.mlmodel in Sources */,
				AA6B9B06238AEFB600785B98 /* UIImage Helpers.swift in Sources */,
				AA6B9AF2238AECD000785B98 /* AppDelegate.swift in Sources */,
				AA7E7317238C5BE100001BB2 /* RecognizerViewController.swift in Sources */,
				AA7E7319238C5C7200001BB2 /* CanvasViewController.swift in Sources */,
				AA6B9AF4238AECD000785B98 /* SceneDelegate.swift in Sources */,
			);
			runOnlyForDeploymentPostprocessing = 0;
		};
/* End PBXSourcesBuildPhase section */

/* Begin PBXVariantGroup section */
		AA6B9AF7238AECD000785B98 /* Main.storyboard */ = {
			isa = PBXVariantGroup;
			children = (
				AA6B9AF8238AECD000785B98 /* Base */,
			);
			name = Main.storyboard;
			sourceTree = "<group>";
		};
		AA6B9AFC238AECD100785B98 /* LaunchScreen.storyboard */ = {
			isa = PBXVariantGroup;
			children = (
				AA6B9AFD238AECD100785B98 /* Base */,
			);
			name = LaunchScreen.storyboard;
			sourceTree = "<group>";
		};
/* End PBXVariantGroup section */

/* Begin XCBuildConfiguration section */
		AA6B9B00238AECD100785B98 /* Debug */ = {
			isa = XCBuildConfiguration;
			buildSettings = {
				ALWAYS_SEARCH_USER_PATHS = NO;
				CLANG_ANALYZER_NONNULL = YES;
				CLANG_ANALYZER_NUMBER_OBJECT_CONVERSION = YES_AGGRESSIVE;
				CLANG_CXX_LANGUAGE_STANDARD = "gnu++14";
				CLANG_CXX_LIBRARY = "libc++";
				CLANG_ENABLE_MODULES = YES;
				CLANG_ENABLE_OBJC_ARC = YES;
				CLANG_ENABLE_OBJC_WEAK = YES;
				CLANG_WARN_BLOCK_CAPTURE_AUTORELEASING = YES;
				CLANG_WARN_BOOL_CONVERSION = YES;
				CLANG_WARN_COMMA = YES;
				CLANG_WARN_CONSTANT_CONVERSION = YES;
				CLANG_WARN_DEPRECATED_OBJC_IMPLEMENTATIONS = YES;
				CLANG_WARN_DIRECT_OBJC_ISA_USAGE = YES_ERROR;
				CLANG_WARN_DOCUMENTATION_COMMENTS = YES;
				CLANG_WARN_EMPTY_BODY = YES;
				CLANG_WARN_ENUM_CONVERSION = YES;
				CLANG_WARN_INFINITE_RECURSION = YES;
				CLANG_WARN_INT_CONVERSION = YES;
				CLANG_WARN_NON_LITERAL_NULL_CONVERSION = YES;
				CLANG_WARN_OBJC_IMPLICIT_RETAIN_SELF = YES;
				CLANG_WARN_OBJC_LITERAL_CONVERSION = YES;
				CLANG_WARN_OBJC_ROOT_CLASS = YES_ERROR;
				CLANG_WARN_RANGE_LOOP_ANALYSIS = YES;
				CLANG_WARN_STRICT_PROTOTYPES = YES;
				CLANG_WARN_SUSPICIOUS_MOVE = YES;
				CLANG_WARN_UNGUARDED_AVAILABILITY = YES_AGGRESSIVE;
				CLANG_WARN_UNREACHABLE_CODE = YES;
				CLANG_WARN__DUPLICATE_METHOD_MATCH = YES;
				COPY_PHASE_STRIP = NO;
				DEBUG_INFORMATION_FORMAT = dwarf;
				ENABLE_STRICT_OBJC_MSGSEND = YES;
				ENABLE_TESTABILITY = YES;
				GCC_C_LANGUAGE_STANDARD = gnu11;
				GCC_DYNAMIC_NO_PIC = NO;
				GCC_NO_COMMON_BLOCKS = YES;
				GCC_OPTIMIZATION_LEVEL = 0;
				GCC_PREPROCESSOR_DEFINITIONS = (
					"DEBUG=1",
					"$(inherited)",
				);
				GCC_WARN_64_TO_32_BIT_CONVERSION = YES;
				GCC_WARN_ABOUT_RETURN_TYPE = YES_ERROR;
				GCC_WARN_UNDECLARED_SELECTOR = YES;
				GCC_WARN_UNINITIALIZED_AUTOS = YES_AGGRESSIVE;
				GCC_WARN_UNUSED_FUNCTION = YES;
				GCC_WARN_UNUSED_VARIABLE = YES;
				IPHONEOS_DEPLOYMENT_TARGET = 13.2;
				MTL_ENABLE_DEBUG_INFO = INCLUDE_SOURCE;
				MTL_FAST_MATH = YES;
				ONLY_ACTIVE_ARCH = YES;
				SDKROOT = iphoneos;
				SWIFT_ACTIVE_COMPILATION_CONDITIONS = DEBUG;
				SWIFT_OPTIMIZATION_LEVEL = "-Onone";
			};
			name = Debug;
		};
		AA6B9B01238AECD100785B98 /* Release */ = {
			isa = XCBuildConfiguration;
			buildSettings = {
				ALWAYS_SEARCH_USER_PATHS = NO;
				CLANG_ANALYZER_NONNULL = YES;
				CLANG_ANALYZER_NUMBER_OBJECT_CONVERSION = YES_AGGRESSIVE;
				CLANG_CXX_LANGUAGE_STANDARD = "gnu++14";
				CLANG_CXX_LIBRARY = "libc++";
				CLANG_ENABLE_MODULES = YES;
				CLANG_ENABLE_OBJC_ARC = YES;
				CLANG_ENABLE_OBJC_WEAK = YES;
				CLANG_WARN_BLOCK_CAPTURE_AUTORELEASING = YES;
				CLANG_WARN_BOOL_CONVERSION = YES;
				CLANG_WARN_COMMA = YES;
				CLANG_WARN_CONSTANT_CONVERSION = YES;
				CLANG_WARN_DEPRECATED_OBJC_IMPLEMENTATIONS = YES;
				CLANG_WARN_DIRECT_OBJC_ISA_USAGE = YES_ERROR;
				CLANG_WARN_DOCUMENTATION_COMMENTS = YES;
				CLANG_WARN_EMPTY_BODY = YES;
				CLANG_WARN_ENUM_CONVERSION = YES;
				CLANG_WARN_INFINITE_RECURSION = YES;
				CLANG_WARN_INT_CONVERSION = YES;
				CLANG_WARN_NON_LITERAL_NULL_CONVERSION = YES;
				CLANG_WARN_OBJC_IMPLICIT_RETAIN_SELF = YES;
				CLANG_WARN_OBJC_LITERAL_CONVERSION = YES;
				CLANG_WARN_OBJC_ROOT_CLASS = YES_ERROR;
				CLANG_WARN_RANGE_LOOP_ANALYSIS = YES;
				CLANG_WARN_STRICT_PROTOTYPES = YES;
				CLANG_WARN_SUSPICIOUS_MOVE = YES;
				CLANG_WARN_UNGUARDED_AVAILABILITY = YES_AGGRESSIVE;
				CLANG_WARN_UNREACHABLE_CODE = YES;
				CLANG_WARN__DUPLICATE_METHOD_MATCH = YES;
				COPY_PHASE_STRIP = NO;
				DEBUG_INFORMATION_FORMAT = "dwarf-with-dsym";
				ENABLE_NS_ASSERTIONS = NO;
				ENABLE_STRICT_OBJC_MSGSEND = YES;
				GCC_C_LANGUAGE_STANDARD = gnu11;
				GCC_NO_COMMON_BLOCKS = YES;
				GCC_WARN_64_TO_32_BIT_CONVERSION = YES;
				GCC_WARN_ABOUT_RETURN_TYPE = YES_ERROR;
				GCC_WARN_UNDECLARED_SELECTOR = YES;
				GCC_WARN_UNINITIALIZED_AUTOS = YES_AGGRESSIVE;
				GCC_WARN_UNUSED_FUNCTION = YES;
				GCC_WARN_UNUSED_VARIABLE = YES;
				IPHONEOS_DEPLOYMENT_TARGET = 13.2;
				MTL_ENABLE_DEBUG_INFO = NO;
				MTL_FAST_MATH = YES;
				SDKROOT = iphoneos;
				SWIFT_COMPILATION_MODE = wholemodule;
				SWIFT_OPTIMIZATION_LEVEL = "-O";
				VALIDATE_PRODUCT = YES;
			};
			name = Release;
		};
		AA6B9B03238AECD100785B98 /* Debug */ = {
			isa = XCBuildConfiguration;
			baseConfigurationReference = C66F8FDA54D1C12D365CF7CC /* Pods-LetterComposer.debug.xcconfig */;
			buildSettings = {
				ASSETCATALOG_COMPILER_APPICON_NAME = AppIcon;
				CODE_SIGN_STYLE = Automatic;
				DEVELOPMENT_TEAM = R3GMKV289J;
				INFOPLIST_FILE = LetterComposer/Info.plist;
				IPHONEOS_DEPLOYMENT_TARGET = 13.0;
				LD_RUNPATH_SEARCH_PATHS = (
					"$(inherited)",
					"@executable_path/Frameworks",
				);
				PRODUCT_BUNDLE_IDENTIFIER = com.ivanvavilov.LetterComposer;
				PRODUCT_NAME = "$(TARGET_NAME)";
				SWIFT_VERSION = 5.0;
				TARGETED_DEVICE_FAMILY = "1,2";
			};
			name = Debug;
		};
		AA6B9B04238AECD100785B98 /* Release */ = {
			isa = XCBuildConfiguration;
			baseConfigurationReference = 7AD78287D8E85CEF0FA01433 /* Pods-LetterComposer.release.xcconfig */;
			buildSettings = {
				ASSETCATALOG_COMPILER_APPICON_NAME = AppIcon;
				CODE_SIGN_STYLE = Automatic;
				DEVELOPMENT_TEAM = R3GMKV289J;
				INFOPLIST_FILE = LetterComposer/Info.plist;
				IPHONEOS_DEPLOYMENT_TARGET = 13.0;
				LD_RUNPATH_SEARCH_PATHS = (
					"$(inherited)",
					"@executable_path/Frameworks",
				);
				PRODUCT_BUNDLE_IDENTIFIER = com.ivanvavilov.LetterComposer;
				PRODUCT_NAME = "$(TARGET_NAME)";
				SWIFT_VERSION = 5.0;
				TARGETED_DEVICE_FAMILY = "1,2";
			};
			name = Release;
		};
/* End XCBuildConfiguration section */

/* Begin XCConfigurationList section */
		AA6B9AE9238AECD000785B98 /* Build configuration list for PBXProject "LetterComposer" */ = {
			isa = XCConfigurationList;
			buildConfigurations = (
				AA6B9B00238AECD100785B98 /* Debug */,
				AA6B9B01238AECD100785B98 /* Release */,
			);
			defaultConfigurationIsVisible = 0;
			defaultConfigurationName = Release;
		};
		AA6B9B02238AECD100785B98 /* Build configuration list for PBXNativeTarget "LetterComposer" */ = {
			isa = XCConfigurationList;
			buildConfigurations = (
				AA6B9B03238AECD100785B98 /* Debug */,
				AA6B9B04238AECD100785B98 /* Release */,
			);
			defaultConfigurationIsVisible = 0;
			defaultConfigurationName = Release;
		};
/* End XCConfigurationList section */
	};
	rootObject = AA6B9AE6238AECD000785B98 /* Project object */;
}
